github.com/lukehollenback/tcp-server v0.0.0-20200411221944-c61f7c0bbfaa h1:lPeGvng+Ppa9j2fOKpRP6HG7yu9yQ6ytXaiBe5Ua/2A=
github.com/lukehollenback/tcp-server v0.0.0-20200411221944-c61f7c0bbfaa/go.mod h1:NPIr1fMCsp1aSa6S5stM7NLvG3w+x4wFWM/QJyZehbM=
github.com/lukehollenback/tcp-server v0.0.0-20200412234225-b5d6d22fe4e2 h1:qb932GNMUKRPPGZv7+fPL4AIWaZh/jUk/8K4Nk5+jVw=
github.com/lukehollenback/tcp-server v0.0.0-20200412234225-b5d6d22fe4e2/go.mod h1:NPIr1fMCsp1aSa6S5stM7NLvG3w+x4wFWM/QJyZehbM=
github.com/mitchellh/mapstructure v1.2.2 h1:dxe5oCinTXiTIcfgmZecdCzPmAJKd46KsCWc35r0TV4=
github.com/mitchellh/mapstructure v1.2.2/go.mod h1:bFUtVrKA4DC2yAKiSyO/QUcy7e+RRV2QTWOzhPopBRo=
